
Microsoft Visual Studio Solution File, Format Version 12.00
# Visual Studio Version 16
VisualStudioVersion = 16.0.30011.22
MinimumVisualStudioVersion = 10.0.40219.1
Project("{8BC9CEB8-8B4A-11D0-8D11-00A0C91BC942}") = "LandScapeOpenGL", "LandScapeOpenGL.vcxproj", "{644225D0-2872-4E9B-88EF-D16D6B71A3C4}"
EndProject
Global
	GlobalSection(SolutionConfigurationPlatforms) = preSolution
		Debug|x64 = Debug|x64
		Debug|x86 = Debug|x86
		Release|x64 = Release|x64
		Release|x86 = Release|x86
	EndGlobalSection
	GlobalSection(ProjectConfigurationPlatforms) = postSolution
		{644225D0-2872-4E9B-88EF-D16D6B71A3C4}.Debug|x64.ActiveCfg = Debug|x64
		{644225D0-2872-4E9B-88EF-D16D6B71A3C4}.Debug|x64.Build.0 = Debug|x64
		{644225D0-2872-4E9B-88EF-D16D6B71A3C4}.Debug|x86.ActiveCfg = Debug|Win32
		{644225D0-2872-4E9B-88EF-D16D6B71A3C4}.Debug|x86.Build.0 = Debug|Win32
		{644225D0-2872-4E9B-88EF-D16D6B71A3C4}.Release|x64.ActiveCfg = Release|x64
		{644225D0-2872-4E9B-88EF-D16D6B71A3C4}.Release|x64.Build.0 = Release|x64
		{644225D0-2872-4E9B-88EF-D16D6B71A3C4}.Release|x86.ActiveCfg = Release|Win32
		{644225D0-2872-4E9B-88EF-D16D6B71A3C4}.Release|x86.Build.0 = Release|Win32
	EndGlobalSection
	GlobalSection(SolutionProperties) = preSolution
		HideSolutionNode = FALSE
	EndGlobalSection
	GlobalSection(ExtensibilityGlobals) = postSolution
		SolutionGuid = {B951A05A-F5BB-4295-B817-EA2D9FF04A05}
	EndGlobalSection
EndGlobal
